// !$*UTF8*$!
{
	archiveVersion = 1;
	classes = {
	};
	objectVersion = 56;
	objects = {

/* Begin PBXBuildFile section */
		E79BA6D92941CDC000FF89FC /* CategoryCollectionViewCell.swift in Sources */ = {isa = PBXBuildFile; fileRef = E79BA6D82941CDC000FF89FC /* CategoryCollectionViewCell.swift */; };
		E79BA6FE2942057500FF89FC /* CustomViewFlowLayout.swift in Sources */ = {isa = PBXBuildFile; fileRef = E79BA6FD2942057500FF89FC /* CustomViewFlowLayout.swift */; };
		E7CD9E90293DED8E00066341 /* AppDelegate.swift in Sources */ = {isa = PBXBuildFile; fileRef = E7CD9E8F293DED8E00066341 /* AppDelegate.swift */; };
		E7CD9E92293DED8E00066341 /* SceneDelegate.swift in Sources */ = {isa = PBXBuildFile; fileRef = E7CD9E91293DED8E00066341 /* SceneDelegate.swift */; };
		E7CD9E94293DED8E00066341 /* ViewController.swift in Sources */ = {isa = PBXBuildFile; fileRef = E7CD9E93293DED8E00066341 /* ViewController.swift */; };
		E7CD9E97293DED8E00066341 /* Main.storyboard in Resources */ = {isa = PBXBuildFile; fileRef = E7CD9E95293DED8E00066341 /* Main.storyboard */; };
		E7CD9E99293DED9000066341 /* Images.xcassets in Resources */ = {isa = PBXBuildFile; fileRef = E7CD9E98293DED9000066341 /* Images.xcassets */; };
		E7CD9E9C293DED9000066341 /* LaunchScreen.storyboard in Resources */ = {isa = PBXBuildFile; fileRef = E7CD9E9A293DED9000066341 /* LaunchScreen.storyboard */; };
		E7CD9EA8293DF0EE00066341 /* PickerViewController.swift in Sources */ = {isa = PBXBuildFile; fileRef = E7CD9EA7293DF0EE00066341 /* PickerViewController.swift */; };
		E7CD9EAA293DF11000066341 /* PickerState.swift in Sources */ = {isa = PBXBuildFile; fileRef = E7CD9EA9293DF11000066341 /* PickerState.swift */; };
/* End PBXBuildFile section */

/* Begin PBXFileReference section */
		E79BA6D82941CDC000FF89FC /* CategoryCollectionViewCell.swift */ = {isa = PBXFileReference; lastKnownFileType = sourcecode.swift; path = CategoryCollectionViewCell.swift; sourceTree = "<group>"; };
		E79BA6FD2942057500FF89FC /* CustomViewFlowLayout.swift */ = {isa = PBXFileReference; lastKnownFileType = sourcecode.swift; path = CustomViewFlowLayout.swift; sourceTree = "<group>"; };
		E7CD9E8C293DED8E00066341 /* vkCup.app */ = {isa = PBXFileReference; explicitFileType = wrapper.application; includeInIndex = 0; path = vkCup.app; sourceTree = BUILT_PRODUCTS_DIR; };
		E7CD9E8F293DED8E00066341 /* AppDelegate.swift */ = {isa = PBXFileReference; lastKnownFileType = sourcecode.swift; path = AppDelegate.swift; sourceTree = "<group>"; };
		E7CD9E91293DED8E00066341 /* SceneDelegate.swift */ = {isa = PBXFileReference; lastKnownFileType = sourcecode.swift; path = SceneDelegate.swift; sourceTree = "<group>"; };
		E7CD9E93293DED8E00066341 /* ViewController.swift */ = {isa = PBXFileReference; lastKnownFileType = sourcecode.swift; path = ViewController.swift; sourceTree = "<group>"; };
		E7CD9E96293DED8E00066341 /* Base */ = {isa = PBXFileReference; lastKnownFileType = file.storyboard; name = Base; path = Base.lproj/Main.storyboard; sourceTree = "<group>"; };
		E7CD9E98293DED9000066341 /* Images.xcassets */ = {isa = PBXFileReference; lastKnownFileType = folder.assetcatalog; path = Images.xcassets; sourceTree = "<group>"; };
		E7CD9E9B293DED9000066341 /* Base */ = {isa = PBXFileReference; lastKnownFileType = file.storyboard; name = Base; path = Base.lproj/LaunchScreen.storyboard; sourceTree = "<group>"; };
		E7CD9E9D293DED9000066341 /* Info.plist */ = {isa = PBXFileReference; lastKnownFileType = text.plist.xml; path = Info.plist; sourceTree = "<group>"; };
		E7CD9EA7293DF0EE00066341 /* PickerViewController.swift */ = {isa = PBXFileReference; lastKnownFileType = sourcecode.swift; path = PickerViewController.swift; sourceTree = "<group>"; };
		E7CD9EA9293DF11000066341 /* PickerState.swift */ = {isa = PBXFileReference; lastKnownFileType = sourcecode.swift; path = PickerState.swift; sourceTree = "<group>"; };
/* End PBXFileReference section */

/* Begin PBXFrameworksBuildPhase section */
		E7CD9E89293DED8E00066341 /* Frameworks */ = {
			isa = PBXFrameworksBuildPhase;
			buildActionMask = 2147483647;
			files = (
			);
			runOnlyForDeploymentPostprocessing = 0;
		};
/* End PBXFrameworksBuildPhase section */

/* Begin PBXGroup section */
		E7CD9E83293DED8E00066341 = {
			isa = PBXGroup;
			children = (
				E7CD9E8E293DED8E00066341 /* vkCup */,
				E7CD9E8D293DED8E00066341 /* Products */,
			);
			sourceTree = "<group>";
		};
		E7CD9E8D293DED8E00066341 /* Products */ = {
			isa = PBXGroup;
			children = (
				E7CD9E8C293DED8E00066341 /* vkCup.app */,
			);
			name = Products;
			sourceTree = "<group>";
		};
		E7CD9E8E293DED8E00066341 /* vkCup */ = {
			isa = PBXGroup;
			children = (
				E7CD9EA6293DF09D00066341 /* PickerModule */,
				E7CD9E9A293DED9000066341 /* LaunchScreen.storyboard */,
				E7CD9E8F293DED8E00066341 /* AppDelegate.swift */,
				E7CD9E91293DED8E00066341 /* SceneDelegate.swift */,
				E7CD9E93293DED8E00066341 /* ViewController.swift */,
				E7CD9E95293DED8E00066341 /* Main.storyboard */,
				E7CD9E98293DED9000066341 /* Images.xcassets */,
				E7CD9E9D293DED9000066341 /* Info.plist */,
			);
			path = vkCup;
			sourceTree = "<group>";
		};
		E7CD9EA6293DF09D00066341 /* PickerModule */ = {
			isa = PBXGroup;
			children = (
				E79BA6D82941CDC000FF89FC /* CategoryCollectionViewCell.swift */,
				E79BA6FD2942057500FF89FC /* CustomViewFlowLayout.swift */,
				E7CD9EA7293DF0EE00066341 /* PickerViewController.swift */,
				E7CD9EA9293DF11000066341 /* PickerState.swift */,
			);
			path = PickerModule;
			sourceTree = "<group>";
		};
/* End PBXGroup section */

/* Begin PBXNativeTarget section */
		E7CD9E8B293DED8E00066341 /* vkCup */ = {
			isa = PBXNativeTarget;
			buildConfigurationList = E7CD9EA0293DED9000066341 /* Build configuration list for PBXNativeTarget "vkCup" */;
			buildPhases = (
				E7CD9E88293DED8E00066341 /* Sources */,
				E7CD9E89293DED8E00066341 /* Frameworks */,
				E7CD9E8A293DED8E00066341 /* Resources */,
			);
			buildRules = (
			);
			dependencies = (
			);
			name = vkCup;
			productName = vkCup;
			productReference = E7CD9E8C293DED8E00066341 /* vkCup.app */;
			productType = "com.apple.product-type.application";
		};
/* End PBXNativeTarget section */

/* Begin PBXProject section */
		E7CD9E84293DED8E00066341 /* Project object */ = {
			isa = PBXProject;
			attributes = {
				BuildIndependentTargetsInParallel = 1;
				LastSwiftUpdateCheck = 1410;
				LastUpgradeCheck = 1410;
				TargetAttributes = {
					E7CD9E8B293DED8E00066341 = {
						CreatedOnToolsVersion = 14.1;
					};
				};
			};
			buildConfigurationList = E7CD9E87293DED8E00066341 /* Build configuration list for PBXProject "vkCup" */;
			compatibilityVersion = "Xcode 14.0";
			developmentRegion = en;
			hasScannedForEncodings = 0;
			knownRegions = (
				en,
				Base,
			);
			mainGroup = E7CD9E83293DED8E00066341;
			productRefGroup = E7CD9E8D293DED8E00066341 /* Products */;
			projectDirPath = "";
			projectRoot = "";
			targets = (
				E7CD9E8B293DED8E00066341 /* vkCup */,
			);
		};
/* End PBXProject section */

/* Begin PBXResourcesBuildPhase section */
		E7CD9E8A293DED8E00066341 /* Resources */ = {
			isa = PBXResourcesBuildPhase;
			buildActionMask = 2147483647;
			files = (
				E7CD9E9C293DED9000066341 /* LaunchScreen.storyboard in Resources */,
				E7CD9E99293DED9000066341 /* Images.xcassets in Resources */,
				E7CD9E97293DED8E00066341 /* Main.storyboard in Resources */,
			);
			runOnlyForDeploymentPostprocessing = 0;
		};
/* End PBXResourcesBuildPhase section */

/* Begin PBXSourcesBuildPhase section */
		E7CD9E88293DED8E00066341 /* Sources */ = {
			isa = PBXSourcesBuildPhase;
			buildActionMask = 2147483647;
			files = (
				E7CD9E94293DED8E00066341 /* ViewController.swift in Sources */,
				E7CD9E90293DED8E00066341 /* AppDelegate.swift in Sources */,
				E79BA6D92941CDC000FF89FC /* CategoryCollectionViewCell.swift in Sources */,
				E7CD9EA8293DF0EE00066341 /* PickerViewController.swift in Sources */,
				E7CD9EAA293DF11000066341 /* PickerState.swift in Sources */,
				E7CD9E92293DED8E00066341 /* SceneDelegate.swift in Sources */,
				E79BA6FE2942057500FF89FC /* CustomViewFlowLayout.swift in Sources */,
			);
			runOnlyForDeploymentPostprocessing = 0;
		};
/* End PBXSourcesBuildPhase section */

/* Begin PBXVariantGroup section */
		E7CD9E95293DED8E00066341 /* Main.storyboard */ = {
			isa = PBXVariantGroup;
			children = (
				E7CD9E96293DED8E00066341 /* Base */,
			);
			name = Main.storyboard;
			sourceTree = "<group>";
		};
		E7CD9E9A293DED9000066341 /* LaunchScreen.storyboard */ = {
			isa = PBXVariantGroup;
			children = (
				E7CD9E9B293DED9000066341 /* Base */,
			);
			name = LaunchScreen.storyboard;
			sourceTree = "<group>";
		};
/* End PBXVariantGroup section */

/* Begin XCBuildConfiguration section */
		E7CD9E9E293DED9000066341 /* Debug */ = {
			isa = XCBuildConfiguration;
			buildSettings = {
				ALWAYS_SEARCH_USER_PATHS = NO;
				CLANG_ANALYZER_NONNULL = YES;
				CLANG_ANALYZER_NUMBER_OBJECT_CONVERSION = YES_AGGRESSIVE;
				CLANG_CXX_LANGUAGE_STANDARD = "gnu++20";
				CLANG_ENABLE_MODULES = YES;
				CLANG_ENABLE_OBJC_ARC = YES;
				CLANG_ENABLE_OBJC_WEAK = YES;
				CLANG_WARN_BLOCK_CAPTURE_AUTORELEASING = YES;
				CLANG_WARN_BOOL_CONVERSION = YES;
				CLANG_WARN_COMMA = YES;
				CLANG_WARN_CONSTANT_CONVERSION = YES;
				CLANG_WARN_DEPRECATED_OBJC_IMPLEMENTATIONS = YES;
				CLANG_WARN_DIRECT_OBJC_ISA_USAGE = YES_ERROR;
				CLANG_WARN_DOCUMENTATION_COMMENTS = YES;
				CLANG_WARN_EMPTY_BODY = YES;
				CLANG_WARN_ENUM_CONVERSION = YES;
				CLANG_WARN_INFINITE_RECURSION = YES;
				CLANG_WARN_INT_CONVERSION = YES;
				CLANG_WARN_NON_LITERAL_NULL_CONVERSION = YES;
				CLANG_WARN_OBJC_IMPLICIT_RETAIN_SELF = YES;
				CLANG_WARN_OBJC_LITERAL_CONVERSION = YES;
				CLANG_WARN_OBJC_ROOT_CLASS = YES_ERROR;
				CLANG_WARN_QUOTED_INCLUDE_IN_FRAMEWORK_HEADER = YES;
				CLANG_WARN_RANGE_LOOP_ANALYSIS = YES;
				CLANG_WARN_STRICT_PROTOTYPES = YES;
				CLANG_WARN_SUSPICIOUS_MOVE = YES;
				CLANG_WARN_UNGUARDED_AVAILABILITY = YES_AGGRESSIVE;
				CLANG_WARN_UNREACHABLE_CODE = YES;
				CLANG_WARN__DUPLICATE_METHOD_MATCH = YES;
				COPY_PHASE_STRIP = NO;
				DEBUG_INFORMATION_FORMAT = dwarf;
				ENABLE_STRICT_OBJC_MSGSEND = YES;
				ENABLE_TESTABILITY = YES;
				GCC_C_LANGUAGE_STANDARD = gnu11;
				GCC_DYNAMIC_NO_PIC = NO;
				GCC_NO_COMMON_BLOCKS = YES;
				GCC_OPTIMIZATION_LEVEL = 0;
				GCC_PREPROCESSOR_DEFINITIONS = (
					"DEBUG=1",
					"$(inherited)",
				);
				GCC_WARN_64_TO_32_BIT_CONVERSION = YES;
				GCC_WARN_ABOUT_RETURN_TYPE = YES_ERROR;
				GCC_WARN_UNDECLARED_SELECTOR = YES;
				GCC_WARN_UNINITIALIZED_AUTOS = YES_AGGRESSIVE;
				GCC_WARN_UNUSED_FUNCTION = YES;
				GCC_WARN_UNUSED_VARIABLE = YES;
				IPHONEOS_DEPLOYMENT_TARGET = 16.1;
				MTL_ENABLE_DEBUG_INFO = INCLUDE_SOURCE;
				MTL_FAST_MATH = YES;
				ONLY_ACTIVE_ARCH = YES;
				SDKROOT = iphoneos;
				SWIFT_ACTIVE_COMPILATION_CONDITIONS = DEBUG;
				SWIFT_OPTIMIZATION_LEVEL = "-Onone";
			};
			name = Debug;
		};
		E7CD9E9F293DED9000066341 /* Release */ = {
			isa = XCBuildConfiguration;
			buildSettings = {
				ALWAYS_SEARCH_USER_PATHS = NO;
				CLANG_ANALYZER_NONNULL = YES;
				CLANG_ANALYZER_NUMBER_OBJECT_CONVERSION = YES_AGGRESSIVE;
				CLANG_CXX_LANGUAGE_STANDARD = "gnu++20";
				CLANG_ENABLE_MODULES = YES;
				CLANG_ENABLE_OBJC_ARC = YES;
				CLANG_ENABLE_OBJC_WEAK = YES;
				CLANG_WARN_BLOCK_CAPTURE_AUTORELEASING = YES;
				CLANG_WARN_BOOL_CONVERSION = YES;
				CLANG_WARN_COMMA = YES;
				CLANG_WARN_CONSTANT_CONVERSION = YES;
				CLANG_WARN_DEPRECATED_OBJC_IMPLEMENTATIONS = YES;
				CLANG_WARN_DIRECT_OBJC_ISA_USAGE = YES_ERROR;
				CLANG_WARN_DOCUMENTATION_COMMENTS = YES;
				CLANG_WARN_EMPTY_BODY = YES;
				CLANG_WARN_ENUM_CONVERSION = YES;
				CLANG_WARN_INFINITE_RECURSION = YES;
				CLANG_WARN_INT_CONVERSION = YES;
				CLANG_WARN_NON_LITERAL_NULL_CONVERSION = YES;
				CLANG_WARN_OBJC_IMPLICIT_RETAIN_SELF = YES;
				CLANG_WARN_OBJC_LITERAL_CONVERSION = YES;
				CLANG_WARN_OBJC_ROOT_CLASS = YES_ERROR;
				CLANG_WARN_QUOTED_INCLUDE_IN_FRAMEWORK_HEADER = YES;
				CLANG_WARN_RANGE_LOOP_ANALYSIS = YES;
				CLANG_WARN_STRICT_PROTOTYPES = YES;
				CLANG_WARN_SUSPICIOUS_MOVE = YES;
				CLANG_WARN_UNGUARDED_AVAILABILITY = YES_AGGRESSIVE;
				CLANG_WARN_UNREACHABLE_CODE = YES;
				CLANG_WARN__DUPLICATE_METHOD_MATCH = YES;
				COPY_PHASE_STRIP = NO;
				DEBUG_INFORMATION_FORMAT = "dwarf-with-dsym";
				ENABLE_NS_ASSERTIONS = NO;
				ENABLE_STRICT_OBJC_MSGSEND = YES;
				GCC_C_LANGUAGE_STANDARD = gnu11;
				GCC_NO_COMMON_BLOCKS = YES;
				GCC_WARN_64_TO_32_BIT_CONVERSION = YES;
				GCC_WARN_ABOUT_RETURN_TYPE = YES_ERROR;
				GCC_WARN_UNDECLARED_SELECTOR = YES;
				GCC_WARN_UNINITIALIZED_AUTOS = YES_AGGRESSIVE;
				GCC_WARN_UNUSED_FUNCTION = YES;
				GCC_WARN_UNUSED_VARIABLE = YES;
				IPHONEOS_DEPLOYMENT_TARGET = 16.1;
				MTL_ENABLE_DEBUG_INFO = NO;
				MTL_FAST_MATH = YES;
				SDKROOT = iphoneos;
				SWIFT_COMPILATION_MODE = wholemodule;
				SWIFT_OPTIMIZATION_LEVEL = "-O";
				VALIDATE_PRODUCT = YES;
			};
			name = Release;
		};
		E7CD9EA1293DED9000066341 /* Debug */ = {
			isa = XCBuildConfiguration;
			buildSettings = {
				ASSETCATALOG_COMPILER_APPICON_NAME = AppIcon;
				ASSETCATALOG_COMPILER_GLOBAL_ACCENT_COLOR_NAME = AccentColor;
				CODE_SIGN_STYLE = Automatic;
				CURRENT_PROJECT_VERSION = 1;
				DEVELOPMENT_TEAM = 94M83KWHF2;
				GENERATE_INFOPLIST_FILE = YES;
				INFOPLIST_FILE = vkCup/Info.plist;
				INFOPLIST_KEY_UIApplicationSupportsIndirectInputEvents = YES;
				INFOPLIST_KEY_UILaunchStoryboardName = LaunchScreen;
				INFOPLIST_KEY_UIMainStoryboardFile = Main;
				INFOPLIST_KEY_UISupportedInterfaceOrientations_iPad = "UIInterfaceOrientationPortrait UIInterfaceOrientationPortraitUpsideDown UIInterfaceOrientationLandscapeLeft UIInterfaceOrientationLandscapeRight";
				INFOPLIST_KEY_UISupportedInterfaceOrientations_iPhone = "UIInterfaceOrientationPortrait UIInterfaceOrientationLandscapeLeft UIInterfaceOrientationLandscapeRight";
				IPHONEOS_DEPLOYMENT_TARGET = 15.0;
				LD_RUNPATH_SEARCH_PATHS = (
					"$(inherited)",
					"@executable_path/Frameworks",
				);
				MARKETING_VERSION = 1.0;
				PRODUCT_BUNDLE_IDENTIFIER = local.vkCup;
				PRODUCT_NAME = "$(TARGET_NAME)";
				SWIFT_EMIT_LOC_STRINGS = YES;
				SWIFT_VERSION = 5.0;
				TARGETED_DEVICE_FAMILY = "1,2";
			};
			name = Debug;
		};
		E7CD9EA2293DED9000066341 /* Release */ = {
			isa = XCBuildConfiguration;
			buildSettings = {
				ASSETCATALOG_COMPILER_APPICON_NAME = AppIcon;
				ASSETCATALOG_COMPILER_GLOBAL_ACCENT_COLOR_NAME = AccentColor;
				CODE_SIGN_STYLE = Automatic;
				CURRENT_PROJECT_VERSION = 1;
				DEVELOPMENT_TEAM = 94M83KWHF2;
				GENERATE_INFOPLIST_FILE = YES;
				INFOPLIST_FILE = vkCup/Info.plist;
				INFOPLIST_KEY_UIApplicationSupportsIndirectInputEvents = YES;
				INFOPLIST_KEY_UILaunchStoryboardName = LaunchScreen;
				INFOPLIST_KEY_UIMainStoryboardFile = Main;
				INFOPLIST_KEY_UISupportedInterfaceOrientations_iPad = "UIInterfaceOrientationPortrait UIInterfaceOrientationPortraitUpsideDown UIInterfaceOrientationLandscapeLeft UIInterfaceOrientationLandscapeRight";
				INFOPLIST_KEY_UISupportedInterfaceOrientations_iPhone = "UIInterfaceOrientationPortrait UIInterfaceOrientationLandscapeLeft UIInterfaceOrientationLandscapeRight";
				IPHONEOS_DEPLOYMENT_TARGET = 15.0;
				LD_RUNPATH_SEARCH_PATHS = (
					"$(inherited)",
					"@executable_path/Frameworks",
				);
				MARKETING_VERSION = 1.0;
				PRODUCT_BUNDLE_IDENTIFIER = local.vkCup;
				PRODUCT_NAME = "$(TARGET_NAME)";
				SWIFT_EMIT_LOC_STRINGS = YES;
				SWIFT_VERSION = 5.0;
				TARGETED_DEVICE_FAMILY = "1,2";
			};
			name = Release;
		};
/* End XCBuildConfiguration section */

/* Begin XCConfigurationList section */
		E7CD9E87293DED8E00066341 /* Build configuration list for PBXProject "vkCup" */ = {
			isa = XCConfigurationList;
			buildConfigurations = (
				E7CD9E9E293DED9000066341 /* Debug */,
				E7CD9E9F293DED9000066341 /* Release */,
			);
			defaultConfigurationIsVisible = 0;
			defaultConfigurationName = Release;
		};
		E7CD9EA0293DED9000066341 /* Build configuration list for PBXNativeTarget "vkCup" */ = {
			isa = XCConfigurationList;
			buildConfigurations = (
				E7CD9EA1293DED9000066341 /* Debug */,
				E7CD9EA2293DED9000066341 /* Release */,
			);
			defaultConfigurationIsVisible = 0;
			defaultConfigurationName = Release;
		};
/* End XCConfigurationList section */
	};
	rootObject = E7CD9E84293DED8E00066341 /* Project object */;
}
